
Microsoft Visual Studio Solution File, Format Version 12.00
# Visual Studio 2017
Project("{FAE04EC0-301F-11D3-BF4B-00C04F79EFBC}") = "Elara", "Elara.csproj", "{167F296E-FA39-DB80-6444-3AEB806E2EDC}"
EndProject
Project("{FAE04EC0-301F-11D3-BF4B-00C04F79EFBC}") = "Elara.Plugins", "Elara.Plugins.csproj", "{EEBCF6A1-94C4-2F70-B7E0-D86A34F03140}"
EndProject
Project("{FAE04EC0-301F-11D3-BF4B-00C04F79EFBC}") = "Elara.Editor", "Elara.Editor.csproj", "{13B101F4-36CF-2EB6-D58A-269E8B7D5C83}"
EndProject
Global
	GlobalSection(SolutionConfigurationPlatforms) = preSolution
		Debug|Any CPU = Debug|Any CPU
		Release|Any CPU = Release|Any CPU
	EndGlobalSection
	GlobalSection(ProjectConfigurationPlatforms) = postSolution
		{167F296E-FA39-DB80-6444-3AEB806E2EDC}.Debug|Any CPU.ActiveCfg = Debug|Any CPU
		{167F296E-FA39-DB80-6444-3AEB806E2EDC}.Debug|Any CPU.Build.0 = Debug|Any CPU
		{167F296E-FA39-DB80-6444-3AEB806E2EDC}.Release|Any CPU.ActiveCfg = Release|Any CPU
		{167F296E-FA39-DB80-6444-3AEB806E2EDC}.Release|Any CPU.Build.0 = Release|Any CPU
		{EEBCF6A1-94C4-2F70-B7E0-D86A34F03140}.Debug|Any CPU.ActiveCfg = Debug|Any CPU
		{EEBCF6A1-94C4-2F70-B7E0-D86A34F03140}.Debug|Any CPU.Build.0 = Debug|Any CPU
		{EEBCF6A1-94C4-2F70-B7E0-D86A34F03140}.Release|Any CPU.ActiveCfg = Release|Any CPU
		{EEBCF6A1-94C4-2F70-B7E0-D86A34F03140}.Release|Any CPU.Build.0 = Release|Any CPU
		{13B101F4-36CF-2EB6-D58A-269E8B7D5C83}.Debug|Any CPU.ActiveCfg = Debug|Any CPU
		{13B101F4-36CF-2EB6-D58A-269E8B7D5C83}.Debug|Any CPU.Build.0 = Debug|Any CPU
		{13B101F4-36CF-2EB6-D58A-269E8B7D5C83}.Release|Any CPU.ActiveCfg = Release|Any CPU
		{13B101F4-36CF-2EB6-D58A-269E8B7D5C83}.Release|Any CPU.Build.0 = Release|Any CPU
	EndGlobalSection
	GlobalSection(SolutionProperties) = preSolution
		HideSolutionNode = FALSE
	EndGlobalSection
EndGlobal
